// !$*UTF8*$!
{
	archiveVersion = 1;
	classes = {
	};
	objectVersion = 46;
	objects = {

/* Begin PBXBuildFile section */
		324744A81CC29AB10060FF7C /* main.m in Sources */ = {isa = PBXBuildFile; fileRef = 324744A71CC29AB10060FF7C /* main.m */; };
		324744AB1CC29AB10060FF7C /* AppDelegate.m in Sources */ = {isa = PBXBuildFile; fileRef = 324744AA1CC29AB10060FF7C /* AppDelegate.m */; };
		324744AE1CC29AB10060FF7C /* ViewController.m in Sources */ = {isa = PBXBuildFile; fileRef = 324744AD1CC29AB10060FF7C /* ViewController.m */; };
		324744B31CC29AB10060FF7C /* Assets.xcassets in Resources */ = {isa = PBXBuildFile; fileRef = 324744B21CC29AB10060FF7C /* Assets.xcassets */; };
		324744B61CC29AB10060FF7C /* LaunchScreen.storyboard in Resources */ = {isa = PBXBuildFile; fileRef = 324744B41CC29AB10060FF7C /* LaunchScreen.storyboard */; };
		32730ED11CC60A39000303B9 /* link.txt in Resources */ = {isa = PBXBuildFile; fileRef = 32730ED01CC60A39000303B9 /* link.txt */; };
		32730ED41CC60E5C000303B9 /* DetailStickerViewController.m in Sources */ = {isa = PBXBuildFile; fileRef = 32730ED31CC60E5C000303B9 /* DetailStickerViewController.m */; };
		32730ED81CC6120E000303B9 /* DetailStickerCell.m in Sources */ = {isa = PBXBuildFile; fileRef = 32730ED71CC6120E000303B9 /* DetailStickerCell.m */; };
		327A4C9F1CE3C54300363E8C /* SWRevealViewController.h in Sources */ = {isa = PBXBuildFile; fileRef = 327A4C9D1CE3C54300363E8C /* SWRevealViewController.h */; };
		327A4CA01CE3C54300363E8C /* SWRevealViewController.m in Sources */ = {isa = PBXBuildFile; fileRef = 327A4C9E1CE3C54300363E8C /* SWRevealViewController.m */; };
		327A4CA41CE3CE7E00363E8C /* Main.storyboard in Resources */ = {isa = PBXBuildFile; fileRef = 327A4CA21CE3CE7E00363E8C /* Main.storyboard */; };
		32A5A3F51CD132DE009316B1 /* FBSDKCoreKit.framework in Frameworks */ = {isa = PBXBuildFile; fileRef = 32A5A3F41CD132DE009316B1 /* FBSDKCoreKit.framework */; };
		32A5A3F71CD132F0009316B1 /* FBSDKLoginKit.framework in Frameworks */ = {isa = PBXBuildFile; fileRef = 32A5A3F61CD132F0009316B1 /* FBSDKLoginKit.framework */; };
		32A5A3F91CD132FC009316B1 /* FBSDKShareKit.framework in Frameworks */ = {isa = PBXBuildFile; fileRef = 32A5A3F81CD132FC009316B1 /* FBSDKShareKit.framework */; };
		32A5A3FB1CD13309009316B1 /* FBSDKMessengerShareKit.framework in Frameworks */ = {isa = PBXBuildFile; fileRef = 32A5A3FA1CD13309009316B1 /* FBSDKMessengerShareKit.framework */; };
		32F272481CD0530A00A71AD2 /* StickerInfoViewController.m in Sources */ = {isa = PBXBuildFile; fileRef = 32F272471CD0530A00A71AD2 /* StickerInfoViewController.m */; };
		32F4B1031CF617E60047C411 /* back.png in Resources */ = {isa = PBXBuildFile; fileRef = 32F4B1021CF617E60047C411 /* back.png */; };
		32F4B1281CF619D10047C411 /* MKAnnotationView+WebCache.m in Sources */ = {isa = PBXBuildFile; fileRef = 32F4B1091CF619D00047C411 /* MKAnnotationView+WebCache.m */; };
		32F4B1291CF619D10047C411 /* NSData+ImageContentType.m in Sources */ = {isa = PBXBuildFile; fileRef = 32F4B10B1CF619D00047C411 /* NSData+ImageContentType.m */; };
		32F4B12A1CF619D10047C411 /* SDImageCache.m in Sources */ = {isa = PBXBuildFile; fileRef = 32F4B10D1CF619D00047C411 /* SDImageCache.m */; };
		32F4B12B1CF619D10047C411 /* SDWebImageCompat.m in Sources */ = {isa = PBXBuildFile; fileRef = 32F4B10F1CF619D00047C411 /* SDWebImageCompat.m */; };
		32F4B12C1CF619D10047C411 /* SDWebImageDecoder.m in Sources */ = {isa = PBXBuildFile; fileRef = 32F4B1111CF619D00047C411 /* SDWebImageDecoder.m */; };
		32F4B12D1CF619D10047C411 /* SDWebImageDownloader.m in Sources */ = {isa = PBXBuildFile; fileRef = 32F4B1131CF619D00047C411 /* SDWebImageDownloader.m */; };
		32F4B12E1CF619D10047C411 /* SDWebImageDownloaderOperation.m in Sources */ = {isa = PBXBuildFile; fileRef = 32F4B1151CF619D00047C411 /* SDWebImageDownloaderOperation.m */; };
		32F4B12F1CF619D10047C411 /* SDWebImageManager.m in Sources */ = {isa = PBXBuildFile; fileRef = 32F4B1161CF619D00047C411 /* SDWebImageManager.m */; };
		32F4B1301CF619D10047C411 /* SDWebImagePrefetcher.m in Sources */ = {isa = PBXBuildFile; fileRef = 32F4B1191CF619D00047C411 /* SDWebImagePrefetcher.m */; };
		32F4B1311CF619D10047C411 /* UIButton+WebCache.m in Sources */ = {isa = PBXBuildFile; fileRef = 32F4B11B1CF619D00047C411 /* UIButton+WebCache.m */; };
		32F4B1321CF619D10047C411 /* UIImage+GIF.m in Sources */ = {isa = PBXBuildFile; fileRef = 32F4B11D1CF619D00047C411 /* UIImage+GIF.m */; };
		32F4B1331CF619D10047C411 /* UIImage+MultiFormat.m in Sources */ = {isa = PBXBuildFile; fileRef = 32F4B11F1CF619D00047C411 /* UIImage+MultiFormat.m */; };
		32F4B1341CF619D10047C411 /* UIImage+WebP.m in Sources */ = {isa = PBXBuildFile; fileRef = 32F4B1211CF619D00047C411 /* UIImage+WebP.m */; };
		32F4B1351CF619D10047C411 /* UIImageView+HighlightedWebCache.m in Sources */ = {isa = PBXBuildFile; fileRef = 32F4B1231CF619D10047C411 /* UIImageView+HighlightedWebCache.m */; };
		32F4B1361CF619D10047C411 /* UIImageView+WebCache.m in Sources */ = {isa = PBXBuildFile; fileRef = 32F4B1251CF619D10047C411 /* UIImageView+WebCache.m */; };
		32F4B1371CF619D10047C411 /* UIView+WebCacheOperation.m in Sources */ = {isa = PBXBuildFile; fileRef = 32F4B1271CF619D10047C411 /* UIView+WebCacheOperation.m */; };
		32FA0C131CD2646300B6AE7F /* ListStickerCell.m in Sources */ = {isa = PBXBuildFile; fileRef = 32FA0C121CD2646300B6AE7F /* ListStickerCell.m */; };
		32FA0C191CD271A500B6AE7F /* folder2.png in Resources */ = {isa = PBXBuildFile; fileRef = 32FA0C181CD271A500B6AE7F /* folder2.png */; };
		32FA0C1B1CD2742500B6AE7F /* StickerAppIcon.png in Resources */ = {isa = PBXBuildFile; fileRef = 32FA0C1A1CD2742500B6AE7F /* StickerAppIcon.png */; };
		32FD562C1CE8E6110083956E /* more.png in Resources */ = {isa = PBXBuildFile; fileRef = 32FD562B1CE8E6110083956E /* more.png */; };
/* End PBXBuildFile section */

/* Begin PBXFileReference section */
		324744A31CC29AB10060FF7C /* TotalStickers.app */ = {isa = PBXFileReference; explicitFileType = wrapper.application; includeInIndex = 0; path = TotalStickers.app; sourceTree = BUILT_PRODUCTS_DIR; };
		324744A71CC29AB10060FF7C /* main.m */ = {isa = PBXFileReference; lastKnownFileType = sourcecode.c.objc; path = main.m; sourceTree = "<group>"; };
		324744A91CC29AB10060FF7C /* AppDelegate.h */ = {isa = PBXFileReference; lastKnownFileType = sourcecode.c.h; path = AppDelegate.h; sourceTree = "<group>"; };
		324744AA1CC29AB10060FF7C /* AppDelegate.m */ = {isa = PBXFileReference; lastKnownFileType = sourcecode.c.objc; path = AppDelegate.m; sourceTree = "<group>"; };
		324744AC1CC29AB10060FF7C /* ViewController.h */ = {isa = PBXFileReference; lastKnownFileType = sourcecode.c.h; path = ViewController.h; sourceTree = "<group>"; };
		324744AD1CC29AB10060FF7C /* ViewController.m */ = {isa = PBXFileReference; lastKnownFileType = sourcecode.c.objc; path = ViewController.m; sourceTree = "<group>"; };
		324744B21CC29AB10060FF7C /* Assets.xcassets */ = {isa = PBXFileReference; lastKnownFileType = folder.assetcatalog; path = Assets.xcassets; sourceTree = "<group>"; };
		324744B51CC29AB10060FF7C /* Base */ = {isa = PBXFileReference; lastKnownFileType = file.storyboard; name = Base; path = Base.lproj/LaunchScreen.storyboard; sourceTree = "<group>"; };
		324744B71CC29AB10060FF7C /* Info.plist */ = {isa = PBXFileReference; lastKnownFileType = text.plist.xml; path = Info.plist; sourceTree = "<group>"; };
		32730ED01CC60A39000303B9 /* link.txt */ = {isa = PBXFileReference; fileEncoding = 4; lastKnownFileType = text; path = link.txt; sourceTree = "<group>"; };
		32730ED21CC60E5C000303B9 /* DetailStickerViewController.h */ = {isa = PBXFileReference; fileEncoding = 4; lastKnownFileType = sourcecode.c.h; path = DetailStickerViewController.h; sourceTree = "<group>"; };
		32730ED31CC60E5C000303B9 /* DetailStickerViewController.m */ = {isa = PBXFileReference; fileEncoding = 4; lastKnownFileType = sourcecode.c.objc; path = DetailStickerViewController.m; sourceTree = "<group>"; };
		32730ED61CC6120E000303B9 /* DetailStickerCell.h */ = {isa = PBXFileReference; fileEncoding = 4; lastKnownFileType = sourcecode.c.h; path = DetailStickerCell.h; sourceTree = "<group>"; };
		32730ED71CC6120E000303B9 /* DetailStickerCell.m */ = {isa = PBXFileReference; fileEncoding = 4; lastKnownFileType = sourcecode.c.objc; path = DetailStickerCell.m; sourceTree = "<group>"; };
		327A4C9D1CE3C54300363E8C /* SWRevealViewController.h */ = {isa = PBXFileReference; lastKnownFileType = sourcecode.c.h; name = SWRevealViewController.h; path = ../SWRevealViewController.h; sourceTree = "<group>"; };
		327A4C9E1CE3C54300363E8C /* SWRevealViewController.m */ = {isa = PBXFileReference; lastKnownFileType = sourcecode.c.objc; name = SWRevealViewController.m; path = ../SWRevealViewController.m; sourceTree = "<group>"; };
		327A4CA31CE3CE7E00363E8C /* Base */ = {isa = PBXFileReference; lastKnownFileType = file.storyboard; name = Base; path = TotalStickers/Base.lproj/Main.storyboard; sourceTree = "<group>"; };
		32A5A3F41CD132DE009316B1 /* FBSDKCoreKit.framework */ = {isa = PBXFileReference; lastKnownFileType = wrapper.framework; path = FBSDKCoreKit.framework; sourceTree = "<group>"; };
		32A5A3F61CD132F0009316B1 /* FBSDKLoginKit.framework */ = {isa = PBXFileReference; lastKnownFileType = wrapper.framework; path = FBSDKLoginKit.framework; sourceTree = "<group>"; };
		32A5A3F81CD132FC009316B1 /* FBSDKShareKit.framework */ = {isa = PBXFileReference; lastKnownFileType = wrapper.framework; path = FBSDKShareKit.framework; sourceTree = "<group>"; };
		32A5A3FA1CD13309009316B1 /* FBSDKMessengerShareKit.framework */ = {isa = PBXFileReference; lastKnownFileType = wrapper.framework; path = FBSDKMessengerShareKit.framework; sourceTree = "<group>"; };
		32F272461CD0530A00A71AD2 /* StickerInfoViewController.h */ = {isa = PBXFileReference; fileEncoding = 4; lastKnownFileType = sourcecode.c.h; path = StickerInfoViewController.h; sourceTree = "<group>"; };
		32F272471CD0530A00A71AD2 /* StickerInfoViewController.m */ = {isa = PBXFileReference; fileEncoding = 4; lastKnownFileType = sourcecode.c.objc; path = StickerInfoViewController.m; sourceTree = "<group>"; };
		32F4B1021CF617E60047C411 /* back.png */ = {isa = PBXFileReference; lastKnownFileType = image.png; path = back.png; sourceTree = "<group>"; };
		32F4B1071CF619D00047C411 /* SDWebImageManager.h */ = {isa = PBXFileReference; fileEncoding = 4; lastKnownFileType = sourcecode.c.h; path = SDWebImageManager.h; sourceTree = "<group>"; };
		32F4B1081CF619D00047C411 /* MKAnnotationView+WebCache.h */ = {isa = PBXFileReference; fileEncoding = 4; lastKnownFileType = sourcecode.c.h; path = "MKAnnotationView+WebCache.h"; sourceTree = "<group>"; };
		32F4B1091CF619D00047C411 /* MKAnnotationView+WebCache.m */ = {isa = PBXFileReference; fileEncoding = 4; lastKnownFileType = sourcecode.c.objc; path = "MKAnnotationView+WebCache.m"; sourceTree = "<group>"; };
		32F4B10A1CF619D00047C411 /* NSData+ImageContentType.h */ = {isa = PBXFileReference; fileEncoding = 4; lastKnownFileType = sourcecode.c.h; path = "NSData+ImageContentType.h"; sourceTree = "<group>"; };
		32F4B10B1CF619D00047C411 /* NSData+ImageContentType.m */ = {isa = PBXFileReference; fileEncoding = 4; lastKnownFileType = sourcecode.c.objc; path = "NSData+ImageContentType.m"; sourceTree = "<group>"; };
		32F4B10C1CF619D00047C411 /* SDImageCache.h */ = {isa = PBXFileReference; fileEncoding = 4; lastKnownFileType = sourcecode.c.h; path = SDImageCache.h; sourceTree = "<group>"; };
		32F4B10D1CF619D00047C411 /* SDImageCache.m */ = {isa = PBXFileReference; fileEncoding = 4; lastKnownFileType = sourcecode.c.objc; path = SDImageCache.m; sourceTree = "<group>"; };
		32F4B10E1CF619D00047C411 /* SDWebImageCompat.h */ = {isa = PBXFileReference; fileEncoding = 4; lastKnownFileType = sourcecode.c.h; path = SDWebImageCompat.h; sourceTree = "<group>"; };
		32F4B10F1CF619D00047C411 /* SDWebImageCompat.m */ = {isa = PBXFileReference; fileEncoding = 4; lastKnownFileType = sourcecode.c.objc; path = SDWebImageCompat.m; sourceTree = "<group>"; };
		32F4B1101CF619D00047C411 /* SDWebImageDecoder.h */ = {isa = PBXFileReference; fileEncoding = 4; lastKnownFileType = sourcecode.c.h; path = SDWebImageDecoder.h; sourceTree = "<group>"; };
		32F4B1111CF619D00047C411 /* SDWebImageDecoder.m */ = {isa = PBXFileReference; fileEncoding = 4; lastKnownFileType = sourcecode.c.objc; path = SDWebImageDecoder.m; sourceTree = "<group>"; };
		32F4B1121CF619D00047C411 /* SDWebImageDownloader.h */ = {isa = PBXFileReference; fileEncoding = 4; lastKnownFileType = sourcecode.c.h; path = SDWebImageDownloader.h; sourceTree = "<group>"; };
		32F4B1131CF619D00047C411 /* SDWebImageDownloader.m */ = {isa = PBXFileReference; fileEncoding = 4; lastKnownFileType = sourcecode.c.objc; path = SDWebImageDownloader.m; sourceTree = "<group>"; };
		32F4B1141CF619D00047C411 /* SDWebImageDownloaderOperation.h */ = {isa = PBXFileReference; fileEncoding = 4; lastKnownFileType = sourcecode.c.h; path = SDWebImageDownloaderOperation.h; sourceTree = "<group>"; };
		32F4B1151CF619D00047C411 /* SDWebImageDownloaderOperation.m */ = {isa = PBXFileReference; fileEncoding = 4; lastKnownFileType = sourcecode.c.objc; path = SDWebImageDownloaderOperation.m; sourceTree = "<group>"; };
		32F4B1161CF619D00047C411 /* SDWebImageManager.m */ = {isa = PBXFileReference; fileEncoding = 4; lastKnownFileType = sourcecode.c.objc; path = SDWebImageManager.m; sourceTree = "<group>"; };
		32F4B1171CF619D00047C411 /* SDWebImageOperation.h */ = {isa = PBXFileReference; fileEncoding = 4; lastKnownFileType = sourcecode.c.h; path = SDWebImageOperation.h; sourceTree = "<group>"; };
		32F4B1181CF619D00047C411 /* SDWebImagePrefetcher.h */ = {isa = PBXFileReference; fileEncoding = 4; lastKnownFileType = sourcecode.c.h; path = SDWebImagePrefetcher.h; sourceTree = "<group>"; };
		32F4B1191CF619D00047C411 /* SDWebImagePrefetcher.m */ = {isa = PBXFileReference; fileEncoding = 4; lastKnownFileType = sourcecode.c.objc; path = SDWebImagePrefetcher.m; sourceTree = "<group>"; };
		32F4B11A1CF619D00047C411 /* UIButton+WebCache.h */ = {isa = PBXFileReference; fileEncoding = 4; lastKnownFileType = sourcecode.c.h; path = "UIButton+WebCache.h"; sourceTree = "<group>"; };
		32F4B11B1CF619D00047C411 /* UIButton+WebCache.m */ = {isa = PBXFileReference; fileEncoding = 4; lastKnownFileType = sourcecode.c.objc; path = "UIButton+WebCache.m"; sourceTree = "<group>"; };
		32F4B11C1CF619D00047C411 /* UIImage+GIF.h */ = {isa = PBXFileReference; fileEncoding = 4; lastKnownFileType = sourcecode.c.h; path = "UIImage+GIF.h"; sourceTree = "<group>"; };
		32F4B11D1CF619D00047C411 /* UIImage+GIF.m */ = {isa = PBXFileReference; fileEncoding = 4; lastKnownFileType = sourcecode.c.objc; path = "UIImage+GIF.m"; sourceTree = "<group>"; };
		32F4B11E1CF619D00047C411 /* UIImage+MultiFormat.h */ = {isa = PBXFileReference; fileEncoding = 4; lastKnownFileType = sourcecode.c.h; path = "UIImage+MultiFormat.h"; sourceTree = "<group>"; };
		32F4B11F1CF619D00047C411 /* UIImage+MultiFormat.m */ = {isa = PBXFileReference; fileEncoding = 4; lastKnownFileType = sourcecode.c.objc; path = "UIImage+MultiFormat.m"; sourceTree = "<group>"; };
		32F4B1201CF619D00047C411 /* UIImage+WebP.h */ = {isa = PBXFileReference; fileEncoding = 4; lastKnownFileType = sourcecode.c.h; path = "UIImage+WebP.h"; sourceTree = "<group>"; };
		32F4B1211CF619D00047C411 /* UIImage+WebP.m */ = {isa = PBXFileReference; fileEncoding = 4; lastKnownFileType = sourcecode.c.objc; path = "UIImage+WebP.m"; sourceTree = "<group>"; };
		32F4B1221CF619D10047C411 /* UIImageView+HighlightedWebCache.h */ = {isa = PBXFileReference; fileEncoding = 4; lastKnownFileType = sourcecode.c.h; path = "UIImageView+HighlightedWebCache.h"; sourceTree = "<group>"; };
		32F4B1231CF619D10047C411 /* UIImageView+HighlightedWebCache.m */ = {isa = PBXFileReference; fileEncoding = 4; lastKnownFileType = sourcecode.c.objc; path = "UIImageView+HighlightedWebCache.m"; sourceTree = "<group>"; };
		32F4B1241CF619D10047C411 /* UIImageView+WebCache.h */ = {isa = PBXFileReference; fileEncoding = 4; lastKnownFileType = sourcecode.c.h; path = "UIImageView+WebCache.h"; sourceTree = "<group>"; };
		32F4B1251CF619D10047C411 /* UIImageView+WebCache.m */ = {isa = PBXFileReference; fileEncoding = 4; lastKnownFileType = sourcecode.c.objc; path = "UIImageView+WebCache.m"; sourceTree = "<group>"; };
		32F4B1261CF619D10047C411 /* UIView+WebCacheOperation.h */ = {isa = PBXFileReference; fileEncoding = 4; lastKnownFileType = sourcecode.c.h; path = "UIView+WebCacheOperation.h"; sourceTree = "<group>"; };
		32F4B1271CF619D10047C411 /* UIView+WebCacheOperation.m */ = {isa = PBXFileReference; fileEncoding = 4; lastKnownFileType = sourcecode.c.objc; path = "UIView+WebCacheOperation.m"; sourceTree = "<group>"; };
		32FA0C111CD2646300B6AE7F /* ListStickerCell.h */ = {isa = PBXFileReference; fileEncoding = 4; lastKnownFileType = sourcecode.c.h; path = ListStickerCell.h; sourceTree = "<group>"; };
		32FA0C121CD2646300B6AE7F /* ListStickerCell.m */ = {isa = PBXFileReference; fileEncoding = 4; lastKnownFileType = sourcecode.c.objc; path = ListStickerCell.m; sourceTree = "<group>"; };
		32FA0C181CD271A500B6AE7F /* folder2.png */ = {isa = PBXFileReference; lastKnownFileType = image.png; path = folder2.png; sourceTree = "<group>"; };
		32FA0C1A1CD2742500B6AE7F /* StickerAppIcon.png */ = {isa = PBXFileReference; lastKnownFileType = image.png; path = StickerAppIcon.png; sourceTree = "<group>"; };
		32FD562B1CE8E6110083956E /* more.png */ = {isa = PBXFileReference; lastKnownFileType = image.png; path = more.png; sourceTree = "<group>"; };
/* End PBXFileReference section */

/* Begin PBXFrameworksBuildPhase section */
		324744A01CC29AB10060FF7C /* Frameworks */ = {
			isa = PBXFrameworksBuildPhase;
			buildActionMask = 2147483647;
			files = (
				32A5A3FB1CD13309009316B1 /* FBSDKMessengerShareKit.framework in Frameworks */,
				32A5A3F71CD132F0009316B1 /* FBSDKLoginKit.framework in Frameworks */,
				32A5A3F51CD132DE009316B1 /* FBSDKCoreKit.framework in Frameworks */,
				32A5A3F91CD132FC009316B1 /* FBSDKShareKit.framework in Frameworks */,
			);
			runOnlyForDeploymentPostprocessing = 0;
		};
/* End PBXFrameworksBuildPhase section */

/* Begin PBXGroup section */
		3247449A1CC29AB00060FF7C = {
			isa = PBXGroup;
			children = (
				324744A51CC29AB10060FF7C /* TotalStickers */,
				324744A41CC29AB10060FF7C /* Products */,
			);
			sourceTree = "<group>";
		};
		324744A41CC29AB10060FF7C /* Products */ = {
			isa = PBXGroup;
			children = (
				324744A31CC29AB10060FF7C /* TotalStickers.app */,
			);
			name = Products;
			sourceTree = "<group>";
		};
		324744A51CC29AB10060FF7C /* TotalStickers */ = {
			isa = PBXGroup;
			children = (
				32FA0C0D1CD2635100B6AE7F /* List Sticker */,
				32730ED51CC611E0000303B9 /* Detail Sticker */,
				32F272451CD045D200A71AD2 /* Sticker Info */,
				324744A91CC29AB10060FF7C /* AppDelegate.h */,
				324744AA1CC29AB10060FF7C /* AppDelegate.m */,
				324744B41CC29AB10060FF7C /* LaunchScreen.storyboard */,
				327A4CA21CE3CE7E00363E8C /* Main.storyboard */,
				324744B21CC29AB10060FF7C /* Assets.xcassets */,
				324744A61CC29AB10060FF7C /* Supporting Files */,
			);
			path = TotalStickers;
			sourceTree = "<group>";
		};
		324744A61CC29AB10060FF7C /* Supporting Files */ = {
			isa = PBXGroup;
			children = (
				32F4B1061CF619D00047C411 /* SDWebImage */,
				32FA0C1C1CD276D200B6AE7F /* Image */,
				32A5A3F21CD13293009316B1 /* Frameworks */,
				324744B71CC29AB10060FF7C /* Info.plist */,
				32730ED01CC60A39000303B9 /* link.txt */,
				324744A71CC29AB10060FF7C /* main.m */,
				327A4C9D1CE3C54300363E8C /* SWRevealViewController.h */,
				327A4C9E1CE3C54300363E8C /* SWRevealViewController.m */,
			);
			name = "Supporting Files";
			sourceTree = "<group>";
		};
		32730ED51CC611E0000303B9 /* Detail Sticker */ = {
			isa = PBXGroup;
			children = (
				32730ED21CC60E5C000303B9 /* DetailStickerViewController.h */,
				32730ED31CC60E5C000303B9 /* DetailStickerViewController.m */,
				32730ED61CC6120E000303B9 /* DetailStickerCell.h */,
				32730ED71CC6120E000303B9 /* DetailStickerCell.m */,
			);
			name = "Detail Sticker";
			sourceTree = "<group>";
		};
		32A5A3F21CD13293009316B1 /* Frameworks */ = {
			isa = PBXGroup;
			children = (
				32A5A3F31CD1329D009316B1 /* FacebookSDK.framework */,
			);
			name = Frameworks;
			sourceTree = "<group>";
		};
		32A5A3F31CD1329D009316B1 /* FacebookSDK.framework */ = {
			isa = PBXGroup;
			children = (
				32A5A3FA1CD13309009316B1 /* FBSDKMessengerShareKit.framework */,
				32A5A3F81CD132FC009316B1 /* FBSDKShareKit.framework */,
				32A5A3F61CD132F0009316B1 /* FBSDKLoginKit.framework */,
				32A5A3F41CD132DE009316B1 /* FBSDKCoreKit.framework */,
			);
			name = FacebookSDK.framework;
			sourceTree = "<group>";
		};
		32F272451CD045D200A71AD2 /* Sticker Info */ = {
			isa = PBXGroup;
			children = (
				32F272461CD0530A00A71AD2 /* StickerInfoViewController.h */,
				32F272471CD0530A00A71AD2 /* StickerInfoViewController.m */,
			);
			name = "Sticker Info";
			sourceTree = "<group>";
		};
		32F4B1061CF619D00047C411 /* SDWebImage */ = {
			isa = PBXGroup;
			children = (
				32F4B1071CF619D00047C411 /* SDWebImageManager.h */,
				32F4B1081CF619D00047C411 /* MKAnnotationView+WebCache.h */,
				32F4B1091CF619D00047C411 /* MKAnnotationView+WebCache.m */,
				32F4B10A1CF619D00047C411 /* NSData+ImageContentType.h */,
				32F4B10B1CF619D00047C411 /* NSData+ImageContentType.m */,
				32F4B10C1CF619D00047C411 /* SDImageCache.h */,
				32F4B10D1CF619D00047C411 /* SDImageCache.m */,
				32F4B10E1CF619D00047C411 /* SDWebImageCompat.h */,
				32F4B10F1CF619D00047C411 /* SDWebImageCompat.m */,
				32F4B1101CF619D00047C411 /* SDWebImageDecoder.h */,
				32F4B1111CF619D00047C411 /* SDWebImageDecoder.m */,
				32F4B1121CF619D00047C411 /* SDWebImageDownloader.h */,
				32F4B1131CF619D00047C411 /* SDWebImageDownloader.m */,
				32F4B1141CF619D00047C411 /* SDWebImageDownloaderOperation.h */,
				32F4B1151CF619D00047C411 /* SDWebImageDownloaderOperation.m */,
				32F4B1161CF619D00047C411 /* SDWebImageManager.m */,
				32F4B1171CF619D00047C411 /* SDWebImageOperation.h */,
				32F4B1181CF619D00047C411 /* SDWebImagePrefetcher.h */,
				32F4B1191CF619D00047C411 /* SDWebImagePrefetcher.m */,
				32F4B11A1CF619D00047C411 /* UIButton+WebCache.h */,
				32F4B11B1CF619D00047C411 /* UIButton+WebCache.m */,
				32F4B11C1CF619D00047C411 /* UIImage+GIF.h */,
				32F4B11D1CF619D00047C411 /* UIImage+GIF.m */,
				32F4B11E1CF619D00047C411 /* UIImage+MultiFormat.h */,
				32F4B11F1CF619D00047C411 /* UIImage+MultiFormat.m */,
				32F4B1201CF619D00047C411 /* UIImage+WebP.h */,
				32F4B1211CF619D00047C411 /* UIImage+WebP.m */,
				32F4B1221CF619D10047C411 /* UIImageView+HighlightedWebCache.h */,
				32F4B1231CF619D10047C411 /* UIImageView+HighlightedWebCache.m */,
				32F4B1241CF619D10047C411 /* UIImageView+WebCache.h */,
				32F4B1251CF619D10047C411 /* UIImageView+WebCache.m */,
				32F4B1261CF619D10047C411 /* UIView+WebCacheOperation.h */,
				32F4B1271CF619D10047C411 /* UIView+WebCacheOperation.m */,
			);
			path = SDWebImage;
			sourceTree = "<group>";
		};
		32FA0C0D1CD2635100B6AE7F /* List Sticker */ = {
			isa = PBXGroup;
			children = (
				324744AC1CC29AB10060FF7C /* ViewController.h */,
				324744AD1CC29AB10060FF7C /* ViewController.m */,
				32FA0C111CD2646300B6AE7F /* ListStickerCell.h */,
				32FA0C121CD2646300B6AE7F /* ListStickerCell.m */,
			);
			name = "List Sticker";
			sourceTree = "<group>";
		};
		32FA0C1C1CD276D200B6AE7F /* Image */ = {
			isa = PBXGroup;
			children = (
				32F4B1021CF617E60047C411 /* back.png */,
				32FD562B1CE8E6110083956E /* more.png */,
				32FA0C1A1CD2742500B6AE7F /* StickerAppIcon.png */,
				32FA0C181CD271A500B6AE7F /* folder2.png */,
			);
			name = Image;
			sourceTree = "<group>";
		};
/* End PBXGroup section */

/* Begin PBXNativeTarget section */
		324744A21CC29AB10060FF7C /* TotalStickers */ = {
			isa = PBXNativeTarget;
			buildConfigurationList = 324744BA1CC29AB10060FF7C /* Build configuration list for PBXNativeTarget "TotalStickers" */;
			buildPhases = (
				3247449F1CC29AB10060FF7C /* Sources */,
				324744A01CC29AB10060FF7C /* Frameworks */,
				324744A11CC29AB10060FF7C /* Resources */,
			);
			buildRules = (
			);
			dependencies = (
			);
			name = TotalStickers;
			productName = TotalStickers;
			productReference = 324744A31CC29AB10060FF7C /* TotalStickers.app */;
			productType = "com.apple.product-type.application";
		};
/* End PBXNativeTarget section */

/* Begin PBXProject section */
		3247449B1CC29AB00060FF7C /* Project object */ = {
			isa = PBXProject;
			attributes = {
				LastUpgradeCheck = 0720;
				ORGANIZATIONNAME = "Quang Dai";
				TargetAttributes = {
					324744A21CC29AB10060FF7C = {
						CreatedOnToolsVersion = 7.2;
						DevelopmentTeam = 2QXC9R6MR6;
					};
				};
			};
			buildConfigurationList = 3247449E1CC29AB00060FF7C /* Build configuration list for PBXProject "TotalStickers" */;
			compatibilityVersion = "Xcode 3.2";
			developmentRegion = English;
			hasScannedForEncodings = 0;
			knownRegions = (
				en,
				Base,
			);
			mainGroup = 3247449A1CC29AB00060FF7C;
			productRefGroup = 324744A41CC29AB10060FF7C /* Products */;
			projectDirPath = "";
			projectRoot = "";
			targets = (
				324744A21CC29AB10060FF7C /* TotalStickers */,
			);
		};
/* End PBXProject section */

/* Begin PBXResourcesBuildPhase section */
		324744A11CC29AB10060FF7C /* Resources */ = {
			isa = PBXResourcesBuildPhase;
			buildActionMask = 2147483647;
			files = (
				32FA0C191CD271A500B6AE7F /* folder2.png in Resources */,
				32730ED11CC60A39000303B9 /* link.txt in Resources */,
				32FD562C1CE8E6110083956E /* more.png in Resources */,
				324744B61CC29AB10060FF7C /* LaunchScreen.storyboard in Resources */,
				32F4B1031CF617E60047C411 /* back.png in Resources */,
				327A4CA41CE3CE7E00363E8C /* Main.storyboard in Resources */,
				32FA0C1B1CD2742500B6AE7F /* StickerAppIcon.png in Resources */,
				324744B31CC29AB10060FF7C /* Assets.xcassets in Resources */,
			);
			runOnlyForDeploymentPostprocessing = 0;
		};
/* End PBXResourcesBuildPhase section */

/* Begin PBXSourcesBuildPhase section */
		3247449F1CC29AB10060FF7C /* Sources */ = {
			isa = PBXSourcesBuildPhase;
			buildActionMask = 2147483647;
			files = (
				32F4B1351CF619D10047C411 /* UIImageView+HighlightedWebCache.m in Sources */,
				32F4B12C1CF619D10047C411 /* SDWebImageDecoder.m in Sources */,
				32F4B1361CF619D10047C411 /* UIImageView+WebCache.m in Sources */,
				32F272481CD0530A00A71AD2 /* StickerInfoViewController.m in Sources */,
				32F4B12E1CF619D10047C411 /* SDWebImageDownloaderOperation.m in Sources */,
				32F4B12F1CF619D10047C411 /* SDWebImageManager.m in Sources */,
				324744AE1CC29AB10060FF7C /* ViewController.m in Sources */,
				32730ED41CC60E5C000303B9 /* DetailStickerViewController.m in Sources */,
				32F4B12D1CF619D10047C411 /* SDWebImageDownloader.m in Sources */,
				32F4B1281CF619D10047C411 /* MKAnnotationView+WebCache.m in Sources */,
				32F4B12B1CF619D10047C411 /* SDWebImageCompat.m in Sources */,
				32F4B1301CF619D10047C411 /* SDWebImagePrefetcher.m in Sources */,
				32F4B1371CF619D10047C411 /* UIView+WebCacheOperation.m in Sources */,
				32F4B1331CF619D10047C411 /* UIImage+MultiFormat.m in Sources */,
				32FA0C131CD2646300B6AE7F /* ListStickerCell.m in Sources */,
				324744AB1CC29AB10060FF7C /* AppDelegate.m in Sources */,
				32F4B1311CF619D10047C411 /* UIButton+WebCache.m in Sources */,
				32730ED81CC6120E000303B9 /* DetailStickerCell.m in Sources */,
				32F4B12A1CF619D10047C411 /* SDImageCache.m in Sources */,
				324744A81CC29AB10060FF7C /* main.m in Sources */,
				327A4C9F1CE3C54300363E8C /* SWRevealViewController.h in Sources */,
				327A4CA01CE3C54300363E8C /* SWRevealViewController.m in Sources */,
				32F4B1321CF619D10047C411 /* UIImage+GIF.m in Sources */,
				32F4B1291CF619D10047C411 /* NSData+ImageContentType.m in Sources */,
				32F4B1341CF619D10047C411 /* UIImage+WebP.m in Sources */,
			);
			runOnlyForDeploymentPostprocessing = 0;
		};
/* End PBXSourcesBuildPhase section */

/* Begin PBXVariantGroup section */
		324744B41CC29AB10060FF7C /* LaunchScreen.storyboard */ = {
			isa = PBXVariantGroup;
			children = (
				324744B51CC29AB10060FF7C /* Base */,
			);
			name = LaunchScreen.storyboard;
			sourceTree = "<group>";
		};
		327A4CA21CE3CE7E00363E8C /* Main.storyboard */ = {
			isa = PBXVariantGroup;
			children = (
				327A4CA31CE3CE7E00363E8C /* Base */,
			);
			name = Main.storyboard;
			path = ..;
			sourceTree = "<group>";
		};
/* End PBXVariantGroup section */

/* Begin XCBuildConfiguration section */
		324744B81CC29AB10060FF7C /* Debug */ = {
			isa = XCBuildConfiguration;
			buildSettings = {
				ALWAYS_SEARCH_USER_PATHS = NO;
				CLANG_CXX_LANGUAGE_STANDARD = "gnu++0x";
				CLANG_CXX_LIBRARY = "libc++";
				CLANG_ENABLE_MODULES = YES;
				CLANG_ENABLE_OBJC_ARC = YES;
				CLANG_WARN_BOOL_CONVERSION = YES;
				CLANG_WARN_CONSTANT_CONVERSION = YES;
				CLANG_WARN_DIRECT_OBJC_ISA_USAGE = YES_ERROR;
				CLANG_WARN_EMPTY_BODY = YES;
				CLANG_WARN_ENUM_CONVERSION = YES;
				CLANG_WARN_INT_CONVERSION = YES;
				CLANG_WARN_OBJC_ROOT_CLASS = YES_ERROR;
				CLANG_WARN_UNREACHABLE_CODE = YES;
				CLANG_WARN__DUPLICATE_METHOD_MATCH = YES;
				"CODE_SIGN_IDENTITY[sdk=iphoneos*]" = "iPhone Developer";
				COPY_PHASE_STRIP = NO;
				DEBUG_INFORMATION_FORMAT = dwarf;
				ENABLE_STRICT_OBJC_MSGSEND = YES;
				ENABLE_TESTABILITY = YES;
				GCC_C_LANGUAGE_STANDARD = gnu99;
				GCC_DYNAMIC_NO_PIC = NO;
				GCC_NO_COMMON_BLOCKS = YES;
				GCC_OPTIMIZATION_LEVEL = 0;
				GCC_PREPROCESSOR_DEFINITIONS = (
					"DEBUG=1",
					"$(inherited)",
				);
				GCC_WARN_64_TO_32_BIT_CONVERSION = YES;
				GCC_WARN_ABOUT_RETURN_TYPE = YES_ERROR;
				GCC_WARN_UNDECLARED_SELECTOR = YES;
				GCC_WARN_UNINITIALIZED_AUTOS = YES_AGGRESSIVE;
				GCC_WARN_UNUSED_FUNCTION = YES;
				GCC_WARN_UNUSED_VARIABLE = YES;
				IPHONEOS_DEPLOYMENT_TARGET = 9.2;
				MTL_ENABLE_DEBUG_INFO = YES;
				ONLY_ACTIVE_ARCH = YES;
				SDKROOT = iphoneos;
			};
			name = Debug;
		};
		324744B91CC29AB10060FF7C /* Release */ = {
			isa = XCBuildConfiguration;
			buildSettings = {
				ALWAYS_SEARCH_USER_PATHS = NO;
				CLANG_CXX_LANGUAGE_STANDARD = "gnu++0x";
				CLANG_CXX_LIBRARY = "libc++";
				CLANG_ENABLE_MODULES = YES;
				CLANG_ENABLE_OBJC_ARC = YES;
				CLANG_WARN_BOOL_CONVERSION = YES;
				CLANG_WARN_CONSTANT_CONVERSION = YES;
				CLANG_WARN_DIRECT_OBJC_ISA_USAGE = YES_ERROR;
				CLANG_WARN_EMPTY_BODY = YES;
				CLANG_WARN_ENUM_CONVERSION = YES;
				CLANG_WARN_INT_CONVERSION = YES;
				CLANG_WARN_OBJC_ROOT_CLASS = YES_ERROR;
				CLANG_WARN_UNREACHABLE_CODE = YES;
				CLANG_WARN__DUPLICATE_METHOD_MATCH = YES;
				"CODE_SIGN_IDENTITY[sdk=iphoneos*]" = "iPhone Developer";
				COPY_PHASE_STRIP = NO;
				DEBUG_INFORMATION_FORMAT = "dwarf-with-dsym";
				ENABLE_NS_ASSERTIONS = NO;
				ENABLE_STRICT_OBJC_MSGSEND = YES;
				GCC_C_LANGUAGE_STANDARD = gnu99;
				GCC_NO_COMMON_BLOCKS = YES;
				GCC_WARN_64_TO_32_BIT_CONVERSION = YES;
				GCC_WARN_ABOUT_RETURN_TYPE = YES_ERROR;
				GCC_WARN_UNDECLARED_SELECTOR = YES;
				GCC_WARN_UNINITIALIZED_AUTOS = YES_AGGRESSIVE;
				GCC_WARN_UNUSED_FUNCTION = YES;
				GCC_WARN_UNUSED_VARIABLE = YES;
				IPHONEOS_DEPLOYMENT_TARGET = 9.2;
				MTL_ENABLE_DEBUG_INFO = NO;
				SDKROOT = iphoneos;
				VALIDATE_PRODUCT = YES;
			};
			name = Release;
		};
		324744BB1CC29AB10060FF7C /* Debug */ = {
			isa = XCBuildConfiguration;
			buildSettings = {
				ASSETCATALOG_COMPILER_APPICON_NAME = AppIcon;
				CODE_SIGN_IDENTITY = "iPhone Developer";
				"CODE_SIGN_IDENTITY[sdk=iphoneos*]" = "iPhone Developer";
				FRAMEWORK_SEARCH_PATHS = (
					"$(inherited)",
					"$(PROJECT_DIR)/TotalStickers",
				);
				INFOPLIST_FILE = TotalStickers/Info.plist;
				IPHONEOS_DEPLOYMENT_TARGET = 9.1;
				LD_RUNPATH_SEARCH_PATHS = "$(inherited) @executable_path/Frameworks";
				PRODUCT_BUNDLE_IDENTIFIER = daitq.TotalStickers;
				PRODUCT_NAME = "$(TARGET_NAME)";
				PROVISIONING_PROFILE = "";
			};
			name = Debug;
		};
		324744BC1CC29AB10060FF7C /* Release */ = {
			isa = XCBuildConfiguration;
			buildSettings = {
				ASSETCATALOG_COMPILER_APPICON_NAME = AppIcon;
				CODE_SIGN_IDENTITY = "iPhone Developer";
				"CODE_SIGN_IDENTITY[sdk=iphoneos*]" = "iPhone Developer";
				FRAMEWORK_SEARCH_PATHS = (
					"$(inherited)",
					"$(PROJECT_DIR)/TotalStickers",
				);
				INFOPLIST_FILE = TotalStickers/Info.plist;
				IPHONEOS_DEPLOYMENT_TARGET = 9.1;
				LD_RUNPATH_SEARCH_PATHS = "$(inherited) @executable_path/Frameworks";
				PRODUCT_BUNDLE_IDENTIFIER = daitq.TotalStickers;
				PRODUCT_NAME = "$(TARGET_NAME)";
				PROVISIONING_PROFILE = "";
			};
			name = Release;
		};
/* End XCBuildConfiguration section */

/* Begin XCConfigurationList section */
		3247449E1CC29AB00060FF7C /* Build configuration list for PBXProject "TotalStickers" */ = {
			isa = XCConfigurationList;
			buildConfigurations = (
				324744B81CC29AB10060FF7C /* Debug */,
				324744B91CC29AB10060FF7C /* Release */,
			);
			defaultConfigurationIsVisible = 0;
			defaultConfigurationName = Release;
		};
		324744BA1CC29AB10060FF7C /* Build configuration list for PBXNativeTarget "TotalStickers" */ = {
			isa = XCConfigurationList;
			buildConfigurations = (
				324744BB1CC29AB10060FF7C /* Debug */,
				324744BC1CC29AB10060FF7C /* Release */,
			);
			defaultConfigurationIsVisible = 0;
			defaultConfigurationName = Release;
		};
/* End XCConfigurationList section */
	};
	rootObject = 3247449B1CC29AB00060FF7C /* Project object */;
}
